// !$*UTF8*$!
{
	archiveVersion = 1;
	classes = {
	};
	objectVersion = 46;
	objects = {

/* Begin PBXBuildFile section */
		001251D91F7D3064001F472A /* AppDelegate.swift in Sources */ = {isa = PBXBuildFile; fileRef = 001251D81F7D3064001F472A /* AppDelegate.swift */; };
		001251DB1F7D3064001F472A /* ViewController.swift in Sources */ = {isa = PBXBuildFile; fileRef = 001251DA1F7D3064001F472A /* ViewController.swift */; };
		001251DE1F7D3064001F472A /* Main.storyboard in Resources */ = {isa = PBXBuildFile; fileRef = 001251DC1F7D3064001F472A /* Main.storyboard */; };
		001251E01F7D3064001F472A /* Assets.xcassets in Resources */ = {isa = PBXBuildFile; fileRef = 001251DF1F7D3064001F472A /* Assets.xcassets */; };
		001251E31F7D3064001F472A /* LaunchScreen.storyboard in Resources */ = {isa = PBXBuildFile; fileRef = 001251E11F7D3064001F472A /* LaunchScreen.storyboard */; };
/* End PBXBuildFile section */

/* Begin PBXFileReference section */
		001251D51F7D3064001F472A /* ios-hue.app */ = {isa = PBXFileReference; explicitFileType = wrapper.application; includeInIndex = 0; path = "ios-hue.app"; sourceTree = BUILT_PRODUCTS_DIR; };
		001251D81F7D3064001F472A /* AppDelegate.swift */ = {isa = PBXFileReference; lastKnownFileType = sourcecode.swift; path = AppDelegate.swift; sourceTree = "<group>"; };
		001251DA1F7D3064001F472A /* ViewController.swift */ = {isa = PBXFileReference; lastKnownFileType = sourcecode.swift; path = ViewController.swift; sourceTree = "<group>"; };
		001251DD1F7D3064001F472A /* Base */ = {isa = PBXFileReference; lastKnownFileType = file.storyboard; name = Base; path = Base.lproj/Main.storyboard; sourceTree = "<group>"; };
		001251DF1F7D3064001F472A /* Assets.xcassets */ = {isa = PBXFileReference; lastKnownFileType = folder.assetcatalog; path = Assets.xcassets; sourceTree = "<group>"; };
		001251E21F7D3064001F472A /* Base */ = {isa = PBXFileReference; lastKnownFileType = file.storyboard; name = Base; path = Base.lproj/LaunchScreen.storyboard; sourceTree = "<group>"; };
		001251E41F7D3064001F472A /* Info.plist */ = {isa = PBXFileReference; lastKnownFileType = text.plist.xml; path = Info.plist; sourceTree = "<group>"; };
/* End PBXFileReference section */

/* Begin PBXFrameworksBuildPhase section */
		001251D21F7D3064001F472A /* Frameworks */ = {
			isa = PBXFrameworksBuildPhase;
			buildActionMask = 2147483647;
			files = (
			);
			runOnlyForDeploymentPostprocessing = 0;
		};
/* End PBXFrameworksBuildPhase section */

/* Begin PBXGroup section */
		001251CC1F7D3064001F472A = {
			isa = PBXGroup;
			children = (
				001251D71F7D3064001F472A /* ios-hue */,
				001251D61F7D3064001F472A /* Products */,
			);
			sourceTree = "<group>";
		};
		001251D61F7D3064001F472A /* Products */ = {
			isa = PBXGroup;
			children = (
				001251D51F7D3064001F472A /* ios-hue.app */,
			);
			name = Products;
			sourceTree = "<group>";
		};
		001251D71F7D3064001F472A /* ios-hue */ = {
			isa = PBXGroup;
			children = (
				001251D81F7D3064001F472A /* AppDelegate.swift */,
				001251DA1F7D3064001F472A /* ViewController.swift */,
				001251DC1F7D3064001F472A /* Main.storyboard */,
				001251DF1F7D3064001F472A /* Assets.xcassets */,
				001251E11F7D3064001F472A /* LaunchScreen.storyboard */,
				001251E41F7D3064001F472A /* Info.plist */,
			);
			path = "ios-hue";
			sourceTree = "<group>";
		};
/* End PBXGroup section */

/* Begin PBXNativeTarget section */
		001251D41F7D3064001F472A /* ios-hue */ = {
			isa = PBXNativeTarget;
			buildConfigurationList = 001251E71F7D3064001F472A /* Build configuration list for PBXNativeTarget "ios-hue" */;
			buildPhases = (
				001251D11F7D3064001F472A /* Sources */,
				001251D21F7D3064001F472A /* Frameworks */,
				001251D31F7D3064001F472A /* Resources */,
			);
			buildRules = (
			);
			dependencies = (
			);
			name = "ios-hue";
			productName = "ios-hue";
			productReference = 001251D51F7D3064001F472A /* ios-hue.app */;
			productType = "com.apple.product-type.application";
		};
/* End PBXNativeTarget section */

/* Begin PBXProject section */
		001251CD1F7D3064001F472A /* Project object */ = {
			isa = PBXProject;
			attributes = {
				LastSwiftUpdateCheck = 0830;
				LastUpgradeCheck = 0830;
				ORGANIZATIONNAME = Robin;
				TargetAttributes = {
					001251D41F7D3064001F472A = {
						CreatedOnToolsVersion = 8.3.3;
						ProvisioningStyle = Automatic;
					};
				};
			};
			buildConfigurationList = 001251D01F7D3064001F472A /* Build configuration list for PBXProject "ios-hue" */;
			compatibilityVersion = "Xcode 3.2";
			developmentRegion = English;
			hasScannedForEncodings = 0;
			knownRegions = (
				en,
				Base,
			);
			mainGroup = 001251CC1F7D3064001F472A;
			productRefGroup = 001251D61F7D3064001F472A /* Products */;
			projectDirPath = "";
			projectRoot = "";
			targets = (
				001251D41F7D3064001F472A /* ios-hue */,
			);
		};
/* End PBXProject section */

/* Begin PBXResourcesBuildPhase section */
		001251D31F7D3064001F472A /* Resources */ = {
			isa = PBXResourcesBuildPhase;
			buildActionMask = 2147483647;
			files = (
				001251E31F7D3064001F472A /* LaunchScreen.storyboard in Resources */,
				001251E01F7D3064001F472A /* Assets.xcassets in Resources */,
				001251DE1F7D3064001F472A /* Main.storyboard in Resources */,
			);
			runOnlyForDeploymentPostprocessing = 0;
		};
/* End PBXResourcesBuildPhase section */

/* Begin PBXSourcesBuildPhase section */
		001251D11F7D3064001F472A /* Sources */ = {
			isa = PBXSourcesBuildPhase;
			buildActionMask = 2147483647;
			files = (
				001251DB1F7D3064001F472A /* ViewController.swift in Sources */,
				001251D91F7D3064001F472A /* AppDelegate.swift in Sources */,
			);
			runOnlyForDeploymentPostprocessing = 0;
		};
/* End PBXSourcesBuildPhase section */

/* Begin PBXVariantGroup section */
		001251DC1F7D3064001F472A /* Main.storyboard */ = {
			isa = PBXVariantGroup;
			children = (
				001251DD1F7D3064001F472A /* Base */,
			);
			name = Main.storyboard;
			sourceTree = "<group>";
		};
		001251E11F7D3064001F472A /* LaunchScreen.storyboard */ = {
			isa = PBXVariantGroup;
			children = (
				001251E21F7D3064001F472A /* Base */,
			);
			name = LaunchScreen.storyboard;
			sourceTree = "<group>";
		};
/* End PBXVariantGroup section */

/* Begin XCBuildConfiguration section */
		001251E51F7D3064001F472A /* Debug */ = {
			isa = XCBuildConfiguration;
			buildSettings = {
				ALWAYS_SEARCH_USER_PATHS = NO;
				CLANG_ANALYZER_NONNULL = YES;
				CLANG_ANALYZER_NUMBER_OBJECT_CONVERSION = YES_AGGRESSIVE;
				CLANG_CXX_LANGUAGE_STANDARD = "gnu++0x";
				CLANG_CXX_LIBRARY = "libc++";
				CLANG_ENABLE_MODULES = YES;
				CLANG_ENABLE_OBJC_ARC = YES;
				CLANG_WARN_BOOL_CONVERSION = YES;
				CLANG_WARN_CONSTANT_CONVERSION = YES;
				CLANG_WARN_DIRECT_OBJC_ISA_USAGE = YES_ERROR;
				CLANG_WARN_DOCUMENTATION_COMMENTS = YES;
				CLANG_WARN_EMPTY_BODY = YES;
				CLANG_WARN_ENUM_CONVERSION = YES;
				CLANG_WARN_INFINITE_RECURSION = YES;
				CLANG_WARN_INT_CONVERSION = YES;
				CLANG_WARN_OBJC_ROOT_CLASS = YES_ERROR;
				CLANG_WARN_SUSPICIOUS_MOVE = YES;
				CLANG_WARN_UNREACHABLE_CODE = YES;
				CLANG_WARN__DUPLICATE_METHOD_MATCH = YES;
				"CODE_SIGN_IDENTITY[sdk=iphoneos*]" = "iPhone Developer";
				COPY_PHASE_STRIP = NO;
				DEBUG_INFORMATION_FORMAT = dwarf;
				ENABLE_STRICT_OBJC_MSGSEND = YES;
				ENABLE_TESTABILITY = YES;
				GCC_C_LANGUAGE_STANDARD = gnu99;
				GCC_DYNAMIC_NO_PIC = NO;
				GCC_NO_COMMON_BLOCKS = YES;
				GCC_OPTIMIZATION_LEVEL = 0;
				GCC_PREPROCESSOR_DEFINITIONS = (
					"DEBUG=1",
					"$(inherited)",
				);
				GCC_WARN_64_TO_32_BIT_CONVERSION = YES;
				GCC_WARN_ABOUT_RETURN_TYPE = YES_ERROR;
				GCC_WARN_UNDECLARED_SELECTOR = YES;
				GCC_WARN_UNINITIALIZED_AUTOS = YES_AGGRESSIVE;
				GCC_WARN_UNUSED_FUNCTION = YES;
				GCC_WARN_UNUSED_VARIABLE = YES;
				IPHONEOS_DEPLOYMENT_TARGET = 10.3;
				MTL_ENABLE_DEBUG_INFO = YES;
				ONLY_ACTIVE_ARCH = YES;
				SDKROOT = iphoneos;
				SWIFT_ACTIVE_COMPILATION_CONDITIONS = DEBUG;
				SWIFT_OPTIMIZATION_LEVEL = "-Onone";
				TARGETED_DEVICE_FAMILY = "1,2";
			};
			name = Debug;
		};
		001251E61F7D3064001F472A /* Release */ = {
			isa = XCBuildConfiguration;
			buildSettings = {
				ALWAYS_SEARCH_USER_PATHS = NO;
				CLANG_ANALYZER_NONNULL = YES;
				CLANG_ANALYZER_NUMBER_OBJECT_CONVERSION = YES_AGGRESSIVE;
				CLANG_CXX_LANGUAGE_STANDARD = "gnu++0x";
				CLANG_CXX_LIBRARY = "libc++";
				CLANG_ENABLE_MODULES = YES;
				CLANG_ENABLE_OBJC_ARC = YES;
				CLANG_WARN_BOOL_CONVERSION = YES;
				CLANG_WARN_CONSTANT_CONVERSION = YES;
				CLANG_WARN_DIRECT_OBJC_ISA_USAGE = YES_ERROR;
				CLANG_WARN_DOCUMENTATION_COMMENTS = YES;
				CLANG_WARN_EMPTY_BODY = YES;
				CLANG_WARN_ENUM_CONVERSION = YES;
				CLANG_WARN_INFINITE_RECURSION = YES;
				CLANG_WARN_INT_CONVERSION = YES;
				CLANG_WARN_OBJC_ROOT_CLASS = YES_ERROR;
				CLANG_WARN_SUSPICIOUS_MOVE = YES;
				CLANG_WARN_UNREACHABLE_CODE = YES;
				CLANG_WARN__DUPLICATE_METHOD_MATCH = YES;
				"CODE_SIGN_IDENTITY[sdk=iphoneos*]" = "iPhone Developer";
				COPY_PHASE_STRIP = NO;
				DEBUG_INFORMATION_FORMAT = "dwarf-with-dsym";
				ENABLE_NS_ASSERTIONS = NO;
				ENABLE_STRICT_OBJC_MSGSEND = YES;
				GCC_C_LANGUAGE_STANDARD = gnu99;
				GCC_NO_COMMON_BLOCKS = YES;
				GCC_WARN_64_TO_32_BIT_CONVERSION = YES;
				GCC_WARN_ABOUT_RETURN_TYPE = YES_ERROR;
				GCC_WARN_UNDECLARED_SELECTOR = YES;
				GCC_WARN_UNINITIALIZED_AUTOS = YES_AGGRESSIVE;
				GCC_WARN_UNUSED_FUNCTION = YES;
				GCC_WARN_UNUSED_VARIABLE = YES;
				IPHONEOS_DEPLOYMENT_TARGET = 10.3;
				MTL_ENABLE_DEBUG_INFO = NO;
				SDKROOT = iphoneos;
				SWIFT_OPTIMIZATION_LEVEL = "-Owholemodule";
				TARGETED_DEVICE_FAMILY = "1,2";
				VALIDATE_PRODUCT = YES;
			};
			name = Release;
		};
		001251E81F7D3064001F472A /* Debug */ = {
			isa = XCBuildConfiguration;
			buildSettings = {
				ASSETCATALOG_COMPILER_APPICON_NAME = AppIcon;
				INFOPLIST_FILE = "ios-hue/Info.plist";
				LD_RUNPATH_SEARCH_PATHS = "$(inherited) @executable_path/Frameworks";
				PRODUCT_BUNDLE_IDENTIFIER = "me.rpst.ios-hue";
				PRODUCT_NAME = "$(TARGET_NAME)";
				SWIFT_VERSION = 3.0;
			};
			name = Debug;
		};
		001251E91F7D3064001F472A /* Release */ = {
			isa = XCBuildConfiguration;
			buildSettings = {
				ASSETCATALOG_COMPILER_APPICON_NAME = AppIcon;
				INFOPLIST_FILE = "ios-hue/Info.plist";
				LD_RUNPATH_SEARCH_PATHS = "$(inherited) @executable_path/Frameworks";
				PRODUCT_BUNDLE_IDENTIFIER = "me.rpst.ios-hue";
				PRODUCT_NAME = "$(TARGET_NAME)";
				SWIFT_VERSION = 3.0;
			};
			name = Release;
		};
/* End XCBuildConfiguration section */

/* Begin XCConfigurationList section */
		001251D01F7D3064001F472A /* Build configuration list for PBXProject "ios-hue" */ = {
			isa = XCConfigurationList;
			buildConfigurations = (
				001251E51F7D3064001F472A /* Debug */,
				001251E61F7D3064001F472A /* Release */,
			);
			defaultConfigurationIsVisible = 0;
			defaultConfigurationName = Release;
		};
		001251E71F7D3064001F472A /* Build configuration list for PBXNativeTarget "ios-hue" */ = {
			isa = XCConfigurationList;
			buildConfigurations = (
				001251E81F7D3064001F472A /* Debug */,
				001251E91F7D3064001F472A /* Release */,
			);
			defaultConfigurationIsVisible = 0;
		};
/* End XCConfigurationList section */
	};
	rootObject = 001251CD1F7D3064001F472A /* Project object */;
}
